
Microsoft Visual Studio Solution File, Format Version 12.00
# Visual Studio Version 17
VisualStudioVersion = 17.3.32819.101
MinimumVisualStudioVersion = 10.0.40219.1
Project("{FAE04EC0-301F-11D3-BF4B-00C04F79EFBC}") = "VistaArticulos", "VistaArticulos\VistaArticulos.csproj", "{28D531A2-CC3B-455F-A08B-3472425D82E3}"
EndProject
Project("{FAE04EC0-301F-11D3-BF4B-00C04F79EFBC}") = "AccesoDataBase", "AccesoDataBase\AccesoDataBase.csproj", "{24EC2014-9DE1-4B72-BF6B-96A7F228C5C2}"
EndProject
Project("{FAE04EC0-301F-11D3-BF4B-00C04F79EFBC}") = "Dominio", "Dominio\Dominio.csproj", "{479D1816-8AFB-404C-86F6-2B0D306AAD48}"
EndProject
Project("{2150E333-8FDC-42A3-9474-1A3956D46DE8}") = "Script_Base_De_Datos", "Script_Base_De_Datos", "{374D645A-C914-4B36-9D74-55F7FF3D5433}"
	ProjectSection(SolutionItems) = preProject
		..\..\..\..\Downloads\CATALOGO_DB_v2.sql = ..\..\..\..\Downloads\CATALOGO_DB_v2.sql
	EndProjectSection
EndProject
Global
	GlobalSection(SolutionConfigurationPlatforms) = preSolution
		Debug|Any CPU = Debug|Any CPU
		Release|Any CPU = Release|Any CPU
	EndGlobalSection
	GlobalSection(ProjectConfigurationPlatforms) = postSolution
		{28D531A2-CC3B-455F-A08B-3472425D82E3}.Debug|Any CPU.ActiveCfg = Debug|Any CPU
		{28D531A2-CC3B-455F-A08B-3472425D82E3}.Debug|Any CPU.Build.0 = Debug|Any CPU
		{28D531A2-CC3B-455F-A08B-3472425D82E3}.Release|Any CPU.ActiveCfg = Release|Any CPU
		{28D531A2-CC3B-455F-A08B-3472425D82E3}.Release|Any CPU.Build.0 = Release|Any CPU
		{24EC2014-9DE1-4B72-BF6B-96A7F228C5C2}.Debug|Any CPU.ActiveCfg = Debug|Any CPU
		{24EC2014-9DE1-4B72-BF6B-96A7F228C5C2}.Debug|Any CPU.Build.0 = Debug|Any CPU
		{24EC2014-9DE1-4B72-BF6B-96A7F228C5C2}.Release|Any CPU.ActiveCfg = Release|Any CPU
		{24EC2014-9DE1-4B72-BF6B-96A7F228C5C2}.Release|Any CPU.Build.0 = Release|Any CPU
		{479D1816-8AFB-404C-86F6-2B0D306AAD48}.Debug|Any CPU.ActiveCfg = Debug|Any CPU
		{479D1816-8AFB-404C-86F6-2B0D306AAD48}.Debug|Any CPU.Build.0 = Debug|Any CPU
		{479D1816-8AFB-404C-86F6-2B0D306AAD48}.Release|Any CPU.ActiveCfg = Release|Any CPU
		{479D1816-8AFB-404C-86F6-2B0D306AAD48}.Release|Any CPU.Build.0 = Release|Any CPU
	EndGlobalSection
	GlobalSection(SolutionProperties) = preSolution
		HideSolutionNode = FALSE
	EndGlobalSection
	GlobalSection(ExtensibilityGlobals) = postSolution
		SolutionGuid = {4DF304CD-E77D-438F-A218-9F8D6B5DF85C}
	EndGlobalSection
EndGlobal
